{
  "name": "telegram-project-radar",
  "version": "0.34.0",
  "lockfileVersion": 3,
  "requires": true,
  "packages": {
    "": {
      "name": "telegram-project-radar",
      "version": "0.34.0",
      "devDependencies": {
        "repo-canvas": "git+https://github.com/m0ast-git/repo-canvas.git#68e7588fb7527fba4aacacb367fc4a41afb5f886"
      }
    },
    "node_modules/@mr_mint/elkjs-libavoid": {
      "version": "0.5.0",
      "resolved": "https://registry.npmjs.org/@mr_mint/elkjs-libavoid/-/elkjs-libavoid-0.5.0.tgz",
      "integrity": "sha512-kFxLFRCNh8ph3wEg7ml0I0xGT4qSWHK6ytC4LPMa18bGiQru9cTmoskRlzjiJUJCAVDaRfXC1DzstQYpRRxbuQ==",
      "dev": true,
      "license": "MIT",
      "dependencies": {
        "libavoid-js": "0.5.0-beta.5"
      },
      "engines": {
        "node": ">=20"
      },
      "peerDependencies": {
        "elkjs": ">=0.8.0"
      },
      "peerDependenciesMeta": {
        "elkjs": {
          "optional": true
        }
      }
    },
    "node_modules/@openai/codex": {
      "version": "0.147.0",
      "resolved": "https://registry.npmjs.org/@openai/codex/-/codex-0.147.0.tgz",
      "integrity": "sha512-EQLEXecAG2ptxI7UpBMo2TR/ga5596/c/OsYF/0LoUDh5JANZ7IoGqlzBEWbuEVQ76JePIbtTW/ihCkp1a7Z3w==",
      "dev": true,
      "license": "Apache-2.0",
      "bin": {
        "codex": "bin/codex.js"
      },
      "engines": {
        "node": ">=16"
      },
      "optionalDependencies": {
        "@openai/codex-darwin-arm64": "npm:@openai/codex@0.147.0-darwin-arm64",
        "@openai/codex-darwin-x64": "npm:@openai/codex@0.147.0-darwin-x64",
        "@openai/codex-linux-arm64": "npm:@openai/codex@0.147.0-linux-arm64",
        "@openai/codex-linux-x64": "npm:@openai/codex@0.147.0-linux-x64",
        "@openai/codex-win32-arm64": "npm:@openai/codex@0.147.0-win32-arm64",
        "@openai/codex-win32-x64": "npm:@openai/codex@0.147.0-win32-x64"
      }
    },
    "node_modules/@openai/codex-darwin-arm64": {
      "name": "@openai/codex",
      "version": "0.147.0-darwin-arm64",
      "resolved": "https://registry.npmjs.org/@openai/codex/-/codex-0.147.0-darwin-arm64.tgz",
      "integrity": "sha512-BEUVkiOW7kLcRyrMLfAr/h9wF8sRVJyZDy6OHtVn6QGDXiv3BvAZVTY1Pu9xF7KdIdkYXbp4uayN0aDQQaAUJw==",
      "cpu": [
        "arm64"
      ],
      "dev": true,
      "license": "Apache-2.0",
      "optional": true,
      "os": [
        "darwin"
      ],
      "engines": {
        "node": ">=16"
      }
    },
    "node_modules/@openai/codex-darwin-x64": {
      "name": "@openai/codex",
      "version": "0.147.0-darwin-x64",
      "resolved": "https://registry.npmjs.org/@openai/codex/-/codex-0.147.0-darwin-x64.tgz",
      "integrity": "sha512-Tb8McE5SvJIH0Vs5R6sq7u+quiC931yan2KOOl6km1OdZ82+Wi7eF5XrSFPs5CF7xCgoIK4Vs+byMbT5hN+ZUw==",
      "cpu": [
        "x64"
      ],
      "dev": true,
      "license": "Apache-2.0",
      "optional": true,
      "os": [
        "darwin"
      ],
      "engines": {
        "node": ">=16"
      }
    },
    "node_modules/@openai/codex-linux-arm64": {
      "name": "@openai/codex",
      "version": "0.147.0-linux-arm64",
      "resolved": "https://registry.npmjs.org/@openai/codex/-/codex-0.147.0-linux-arm64.tgz",
      "integrity": "sha512-SLC1JXw2TYfr/c3HhrJubyyLelq7vTOLWVmiThFA+z0+WgzCPmaseJ/kzDD3Gge/TO7fCnnj7UcPmC0d2c8XAg==",
      "cpu": [
        "arm64"
      ],
      "dev": true,
      "license": "Apache-2.0",
      "optional": true,
      "os": [
        "linux"
      ],
      "engines": {
        "node": ">=16"
      }
    },
    "node_modules/@openai/codex-linux-x64": {
      "name": "@openai/codex",
      "version": "0.147.0-linux-x64",
      "resolved": "https://registry.npmjs.org/@openai/codex/-/codex-0.147.0-linux-x64.tgz",
      "integrity": "sha512-0W9MBxPpWW0cSkNqrTDN2jR7rzzT7oNMhQY5446lT2Lw5cz5yhDTck4Va9rjkQEm+HlFzP/dmEMSZbXfJsINmw==",
      "cpu": [
        "x64"
      ],
      "dev": true,
      "license": "Apache-2.0",
      "optional": true,
      "os": [
        "linux"
      ],
      "engines": {
        "node": ">=16"
      }
    },
    "node_modules/@openai/codex-win32-arm64": {
      "name": "@openai/codex",
      "version": "0.147.0-win32-arm64",
      "resolved": "https://registry.npmjs.org/@openai/codex/-/codex-0.147.0-win32-arm64.tgz",
      "integrity": "sha512-e2ZstJ8zT8Rm1nvR7CUVO+Gr3cTChE41+VfOzGhynzDXEoW0wfbjUQbc2bWbh1arG94LMm4y3dqBtUIbSrfeGA==",
      "cpu": [
        "arm64"
      ],
      "dev": true,
      "license": "Apache-2.0",
      "optional": true,
      "os": [
        "win32"
      ],
      "engines": {
        "node": ">=16"
      }
    },
    "node_modules/@openai/codex-win32-x64": {
      "name": "@openai/codex",
      "version": "0.147.0-win32-x64",
      "resolved": "https://registry.npmjs.org/@openai/codex/-/codex-0.147.0-win32-x64.tgz",
      "integrity": "sha512-oT7Ss5fAPf2fiWE9QNURqZcQGAAawSVxmIUdgPzckq4KFZAM+pRz9JbM4Rr498CjtbNgTOjWvDJ+DXvIBSfOPA==",
      "cpu": [
        "x64"
      ],
      "dev": true,
      "license": "Apache-2.0",
      "optional": true,
      "os": [
        "win32"
      ],
      "engines": {
        "node": ">=16"
      }
    },
    "node_modules/@types/d3-color": {
      "version": "3.1.3",
      "resolved": "https://registry.npmjs.org/@types/d3-color/-/d3-color-3.1.3.tgz",
      "integrity": "sha512-iO90scth9WAbmgv7ogoq57O9YpKmFBbmoEoCHDB2xMBY0+/KVrqAaCDyCE16dUspeOvIxFFRI+0sEtqDqy2b4A==",
      "dev": true,
      "license": "MIT"
    },
    "node_modules/@types/d3-drag": {
      "version": "3.0.7",
      "resolved": "https://registry.npmjs.org/@types/d3-drag/-/d3-drag-3.0.7.tgz",
      "integrity": "sha512-HE3jVKlzU9AaMazNufooRJ5ZpWmLIoc90A37WU2JMmeq28w1FQqCZswHZ3xR+SuxYftzHq6WU6KJHvqxKzTxxQ==",
      "dev": true,
      "license": "MIT",
      "dependencies": {
        "@types/d3-selection": "*"
      }
    },
    "node_modules/@types/d3-interpolate": {
      "version": "3.0.4",
      "resolved": "https://registry.npmjs.org/@types/d3-interpolate/-/d3-interpolate-3.0.4.tgz",
      "integrity": "sha512-mgLPETlrpVV1YRJIglr4Ez47g7Yxjl1lj7YKsiMCb27VJH9W8NVM6Bb9d8kkpG/uAQS5AmbA48q2IAolKKo1MA==",
      "dev": true,
      "license": "MIT",
      "dependencies": {
        "@types/d3-color": "*"
      }
    },
    "node_modules/@types/d3-selection": {
      "version": "3.0.11",
      "resolved": "https://registry.npmjs.org/@types/d3-selection/-/d3-selection-3.0.11.tgz",
      "integrity": "sha512-bhAXu23DJWsrI45xafYpkQ4NtcKMwWnAC/vKrd2l+nxMFuvOT3XMYTIj2opv8vq8AO5Yh7Qac/nSeP/3zjTK0w==",
      "dev": true,
      "license": "MIT"
    },
    "node_modules/@types/d3-transition": {
      "version": "3.0.9",
      "resolved": "https://registry.npmjs.org/@types/d3-transition/-/d3-transition-3.0.9.tgz",
      "integrity": "sha512-uZS5shfxzO3rGlu0cC3bjmMFKsXv+SmZZcgp0KD22ts4uGXp5EVYGzu/0YdwZeKmddhcAccYtREJKkPfXkZuCg==",
      "dev": true,
      "license": "MIT",
      "dependencies": {
        "@types/d3-selection": "*"
      }
    },
    "node_modules/@types/d3-zoom": {
      "version": "3.0.8",
      "resolved": "https://registry.npmjs.org/@types/d3-zoom/-/d3-zoom-3.0.8.tgz",
      "integrity": "sha512-iqMC4/YlFCSlO8+2Ii1GGGliCAY4XdeG748w5vQUbevlbDu0zSjH/+jojorQVBK/se0j6DUFNPBGSqD3YWYnDw==",
      "dev": true,
      "license": "MIT",
      "dependencies": {
        "@types/d3-interpolate": "*",
        "@types/d3-selection": "*"
      }
    },
    "node_modules/@xyflow/react": {
      "version": "12.11.5",
      "resolved": "https://registry.npmjs.org/@xyflow/react/-/react-12.11.5.tgz",
      "integrity": "sha512-QqoryGkqEhWBuQN9bZWRKhwr3Uoj9lCGj/tg0NnIWHHEOXV+5c8cYsc7Q9TST63V92lHqcNV9P5cjvJ9ZAmblQ==",
      "dev": true,
      "license": "MIT",
      "dependencies": {
        "@xyflow/system": "0.0.81",
        "classcat": "^5.0.3",
        "zustand": "^4.4.0"
      },
      "peerDependencies": {
        "@types/react": ">=17",
        "@types/react-dom": ">=17",
        "react": ">=17",
        "react-dom": ">=17"
      },
      "peerDependenciesMeta": {
        "@types/react": {
          "optional": true
        },
        "@types/react-dom": {
          "optional": true
        }
      }
    },
    "node_modules/@xyflow/system": {
      "version": "0.0.81",
      "resolved": "https://registry.npmjs.org/@xyflow/system/-/system-0.0.81.tgz",
      "integrity": "sha512-hfbafW4i7uLq7ILok8QWFFm4KMFw22lbZNJHKfHOMSOOoCk5e5m8yfr84UV9NaJajmogWaLVnp2XFU9JQejlqg==",
      "dev": true,
      "license": "MIT",
      "dependencies": {
        "@types/d3-drag": "^3.0.7",
        "@types/d3-interpolate": "^3.0.4",
        "@types/d3-selection": "^3.0.10",
        "@types/d3-transition": "^3.0.8",
        "@types/d3-zoom": "^3.0.8",
        "d3-drag": "^3.0.0",
        "d3-interpolate": "^3.0.1",
        "d3-selection": "^3.0.0",
        "d3-zoom": "^3.0.0"
      }
    },
    "node_modules/classcat": {
      "version": "5.0.5",
      "resolved": "https://registry.npmjs.org/classcat/-/classcat-5.0.5.tgz",
      "integrity": "sha512-JhZUT7JFcQy/EzW605k/ktHtncoo9vnyW/2GspNYwFlN1C/WmjuV/xtS04e9SOkL2sTdw0VAZ2UGCcQ9lR6p6w==",
      "dev": true,
      "license": "MIT"
    },
    "node_modules/d3-color": {
      "version": "3.1.0",
      "resolved": "https://registry.npmjs.org/d3-color/-/d3-color-3.1.0.tgz",
      "integrity": "sha512-zg/chbXyeBtMQ1LbD/WSoW2DpC3I0mpmPdW+ynRTj/x2DAWYrIY7qeZIHidozwV24m4iavr15lNwIwLxRmOxhA==",
      "dev": true,
      "license": "ISC",
      "engines": {
        "node": ">=12"
      }
    },
    "node_modules/d3-dispatch": {
      "version": "3.0.1",
      "resolved": "https://registry.npmjs.org/d3-dispatch/-/d3-dispatch-3.0.1.tgz",
      "integrity": "sha512-rzUyPU/S7rwUflMyLc1ETDeBj0NRuHKKAcvukozwhshr6g6c5d8zh4c2gQjY2bZ0dXeGLWc1PF174P2tVvKhfg==",
      "dev": true,
      "license": "ISC",
      "engines": {
        "node": ">=12"
      }
    },
    "node_modules/d3-drag": {
      "version": "3.0.0",
      "resolved": "https://registry.npmjs.org/d3-drag/-/d3-drag-3.0.0.tgz",
      "integrity": "sha512-pWbUJLdETVA8lQNJecMxoXfH6x+mO2UQo8rSmZ+QqxcbyA3hfeprFgIT//HW2nlHChWeIIMwS2Fq+gEARkhTkg==",
      "dev": true,
      "license": "ISC",
      "dependencies": {
        "d3-dispatch": "1 - 3",
        "d3-selection": "3"
      },
      "engines": {
        "node": ">=12"
      }
    },
    "node_modules/d3-ease": {
      "version": "3.0.1",
      "resolved": "https://registry.npmjs.org/d3-ease/-/d3-ease-3.0.1.tgz",
      "integrity": "sha512-wR/XK3D3XcLIZwpbvQwQ5fK+8Ykds1ip7A2Txe0yxncXSdq1L9skcG7blcedkOX+ZcgxGAmLX1FrRGbADwzi0w==",
      "dev": true,
      "license": "BSD-3-Clause",
      "engines": {
        "node": ">=12"
      }
    },
    "node_modules/d3-interpolate": {
      "version": "3.0.1",
      "resolved": "https://registry.npmjs.org/d3-interpolate/-/d3-interpolate-3.0.1.tgz",
      "integrity": "sha512-3bYs1rOD33uo8aqJfKP3JWPAibgw8Zm2+L9vBKEHJ2Rg+viTR7o5Mmv5mZcieN+FRYaAOWX5SJATX6k1PWz72g==",
      "dev": true,
      "license": "ISC",
      "dependencies": {
        "d3-color": "1 - 3"
      },
      "engines": {
        "node": ">=12"
      }
    },
    "node_modules/d3-selection": {
      "version": "3.0.0",
      "resolved": "https://registry.npmjs.org/d3-selection/-/d3-selection-3.0.0.tgz",
      "integrity": "sha512-fmTRWbNMmsmWq6xJV8D19U/gw/bwrHfNXxrIN+HfZgnzqTHp9jOmKMhsTUjXOJnZOdZY9Q28y4yebKzqDKlxlQ==",
      "dev": true,
      "license": "ISC",
      "engines": {
        "node": ">=12"
      }
    },
    "node_modules/d3-timer": {
      "version": "3.0.1",
      "resolved": "https://registry.npmjs.org/d3-timer/-/d3-timer-3.0.1.tgz",
      "integrity": "sha512-ndfJ/JxxMd3nw31uyKoY2naivF+r29V+Lc0svZxe1JvvIRmi8hUsrMvdOwgS1o6uBHmiz91geQ0ylPP0aj1VUA==",
      "dev": true,
      "license": "ISC",
      "engines": {
        "node": ">=12"
      }
    },
    "node_modules/d3-transition": {
      "version": "3.0.1",
      "resolved": "https://registry.npmjs.org/d3-transition/-/d3-transition-3.0.1.tgz",
      "integrity": "sha512-ApKvfjsSR6tg06xrL434C0WydLr7JewBB3V+/39RMHsaXTOG0zmt/OAXeng5M5LBm0ojmxJrpomQVZ1aPvBL4w==",
      "dev": true,
      "license": "ISC",
      "dependencies": {
        "d3-color": "1 - 3",
        "d3-dispatch": "1 - 3",
        "d3-ease": "1 - 3",
        "d3-interpolate": "1 - 3",
        "d3-timer": "1 - 3"
      },
      "engines": {
        "node": ">=12"
      },
      "peerDependencies": {
        "d3-selection": "2 - 3"
      }
    },
    "node_modules/d3-zoom": {
      "version": "3.0.0",
      "resolved": "https://registry.npmjs.org/d3-zoom/-/d3-zoom-3.0.0.tgz",
      "integrity": "sha512-b8AmV3kfQaqWAuacbPuNbL6vahnOJflOhexLzMMNLga62+/nh0JzvJ0aO/5a5MVgUFGS7Hu1P9P03o3fJkDCyw==",
      "dev": true,
      "license": "ISC",
      "dependencies": {
        "d3-dispatch": "1 - 3",
        "d3-drag": "2 - 3",
        "d3-interpolate": "1 - 3",
        "d3-selection": "2 - 3",
        "d3-transition": "2 - 3"
      },
      "engines": {
        "node": ">=12"
      }
    },
    "node_modules/elkjs": {
      "version": "0.12.0",
      "resolved": "https://registry.npmjs.org/elkjs/-/elkjs-0.12.0.tgz",
      "integrity": "sha512-YZcKynxVxYoKIOEpywEPwCFdg+BTbxQRNf3pbwdDCvc8O3kQD8bmIwSxKU1eOTVc4Xo+VG9Te+575mlfvOrhEQ==",
      "dev": true,
      "license": "EPL-2.0 OR GPL-3.0-or-later"
    },
    "node_modules/libavoid-js": {
      "version": "0.5.0-beta.5",
      "resolved": "https://registry.npmjs.org/libavoid-js/-/libavoid-js-0.5.0-beta.5.tgz",
      "integrity": "sha512-jHkn6A10815TgFhZ1paUD/NDnQkg4C66qJc2Juj1NpmO/+QXnJ4UjIdKQarkXLmI/QgXhEO3RWDxMi3i+uHPwA==",
      "dev": true,
      "license": "LGPL-2.1-or-later"
    },
    "node_modules/react": {
      "version": "19.2.8",
      "resolved": "https://registry.npmjs.org/react/-/react-19.2.8.tgz",
      "integrity": "sha512-PWaYA1L/q9u2u7xYQi+Y3L3Yfnie7XyLeaJICV1MGD6LprsBxcAqGjYyr0eY3p+QdsA+x/Irkt4Qif8D63+Sbw==",
      "dev": true,
      "license": "MIT",
      "engines": {
        "node": ">=0.10.0"
      }
    },
    "node_modules/react-dom": {
      "version": "19.2.8",
      "resolved": "https://registry.npmjs.org/react-dom/-/react-dom-19.2.8.tgz",
      "integrity": "sha512-rVprimfGBG3DR+Tq0IQG2DT5PxKth1WIGDmj5yPmlzr4YBe7uyE+Du4oVqTDXZSHGGGXRtTJEGSSePyQCMBglQ==",
      "dev": true,
      "license": "MIT",
      "dependencies": {
        "scheduler": "^0.27.0"
      },
      "peerDependencies": {
        "react": "^19.2.8"
      }
    },
    "node_modules/repo-canvas": {
      "version": "0.12.0",
      "resolved": "git+https://github.com/m0ast-git/repo-canvas.git#68e7588fb7527fba4aacacb367fc4a41afb5f886",
      "dev": true,
      "license": "MIT",
      "dependencies": {
        "@mr_mint/elkjs-libavoid": "0.5.0",
        "@openai/codex": "0.147.0",
        "@xyflow/react": "^12.11.3",
        "elkjs": "^0.12.0",
        "react": "^19.2.8",
        "react-dom": "^19.2.8"
      },
      "bin": {
        "repo-canvas": "repo-canvas/scripts/canvas.mjs"
      },
      "engines": {
        "node": ">=22"
      }
    },
    "node_modules/scheduler": {
      "version": "0.27.0",
      "resolved": "https://registry.npmjs.org/scheduler/-/scheduler-0.27.0.tgz",
      "integrity": "sha512-eNv+WrVbKu1f3vbYJT/xtiF5syA5HPIMtf9IgY/nKg0sWqzAUEvqY/xm7OcZc/qafLx/iO9FgOmeSAp4v5ti/Q==",
      "dev": true,
      "license": "MIT"
    },
    "node_modules/use-sync-external-store": {
      "version": "1.6.0",
      "resolved": "https://registry.npmjs.org/use-sync-external-store/-/use-sync-external-store-1.6.0.tgz",
      "integrity": "sha512-Pp6GSwGP/NrPIrxVFAIkOQeyw8lFenOHijQWkUTrDvrF4ALqylP2C/KCkeS9dpUM3KvYRQhna5vt7IL95+ZQ9w==",
      "dev": true,
      "license": "MIT",
      "peerDependencies": {
        "react": "^16.8.0 || ^17.0.0 || ^18.0.0 || ^19.0.0"
      }
    },
    "node_modules/zustand": {
      "version": "4.5.7",
      "resolved": "https://registry.npmjs.org/zustand/-/zustand-4.5.7.tgz",
      "integrity": "sha512-CHOUy7mu3lbD6o6LJLfllpjkzhHXSBlX8B9+qPddUsIfeF5S/UZ5q0kmCsnRqT1UHFQZchNFDDzMbQsuesHWlw==",
      "dev": true,
      "license": "MIT",
      "dependencies": {
        "use-sync-external-store": "^1.2.2"
      },
      "engines": {
        "node": ">=12.7.0"
      },
      "peerDependencies": {
        "@types/react": ">=16.8",
        "immer": ">=9.0.6",
        "react": ">=16.8"
      },
      "peerDependenciesMeta": {
        "@types/react": {
          "optional": true
        },
        "immer": {
          "optional": true
        },
        "react": {
          "optional": true
        }
      }
    }
  }
}
